// !$*UTF8*$!
{
	archiveVersion = 1;
	classes = {
	};
	objectVersion = 51;
	objects = {

/* Begin PBXBuildFile section */
		38F332DC81983D6E75BEFD00 /* Pods_ParstagramTests.framework in Frameworks */ = {isa = PBXBuildFile; fileRef = F77D3346C979EB5C247732D8 /* Pods_ParstagramTests.framework */; };
		53011045CD5F785C8D235DA4 /* Pods_Parstagram_ParstagramUITests.framework in Frameworks */ = {isa = PBXBuildFile; fileRef = 437ED93E1258287A687AD3A3 /* Pods_Parstagram_ParstagramUITests.framework */; };
		6B3F65AB2546C27A05EEA418 /* Pods_Parstagram.framework in Frameworks */ = {isa = PBXBuildFile; fileRef = 140E326B30927E4750CA79BD /* Pods_Parstagram.framework */; };
		975E3EB025FE604F00D5440C /* AppDelegate.swift in Sources */ = {isa = PBXBuildFile; fileRef = 975E3EAF25FE604F00D5440C /* AppDelegate.swift */; };
		975E3EB225FE604F00D5440C /* SceneDelegate.swift in Sources */ = {isa = PBXBuildFile; fileRef = 975E3EB125FE604F00D5440C /* SceneDelegate.swift */; };
		975E3EB725FE604F00D5440C /* Main.storyboard in Resources */ = {isa = PBXBuildFile; fileRef = 975E3EB525FE604F00D5440C /* Main.storyboard */; };
		975E3EB925FE605300D5440C /* Assets.xcassets in Resources */ = {isa = PBXBuildFile; fileRef = 975E3EB825FE605300D5440C /* Assets.xcassets */; };
		975E3EBC25FE605300D5440C /* LaunchScreen.storyboard in Resources */ = {isa = PBXBuildFile; fileRef = 975E3EBA25FE605300D5440C /* LaunchScreen.storyboard */; };
		975E3EC725FE605300D5440C /* ParstagramTests.swift in Sources */ = {isa = PBXBuildFile; fileRef = 975E3EC625FE605300D5440C /* ParstagramTests.swift */; };
		975E3ED225FE605300D5440C /* ParstagramUITests.swift in Sources */ = {isa = PBXBuildFile; fileRef = 975E3ED125FE605300D5440C /* ParstagramUITests.swift */; };
		975E3EFB25FE63E600D5440C /* LoginViewController.swift in Sources */ = {isa = PBXBuildFile; fileRef = 975E3EFA25FE63E600D5440C /* LoginViewController.swift */; };
		975E3F0025FE63FA00D5440C /* FeedViewController.swift in Sources */ = {isa = PBXBuildFile; fileRef = 975E3EFF25FE63FA00D5440C /* FeedViewController.swift */; };
		975E3F0525FE6AD900D5440C /* CameraViewController.swift in Sources */ = {isa = PBXBuildFile; fileRef = 975E3F0425FE6AD900D5440C /* CameraViewController.swift */; };
		975E3F1525FE757500D5440C /* PostCell.swift in Sources */ = {isa = PBXBuildFile; fileRef = 975E3F1425FE757500D5440C /* PostCell.swift */; };
/* End PBXBuildFile section */

/* Begin PBXContainerItemProxy section */
		975E3EC325FE605300D5440C /* PBXContainerItemProxy */ = {
			isa = PBXContainerItemProxy;
			containerPortal = 975E3EA425FE604F00D5440C /* Project object */;
			proxyType = 1;
			remoteGlobalIDString = 975E3EAB25FE604F00D5440C;
			remoteInfo = Parstagram;
		};
		975E3ECE25FE605300D5440C /* PBXContainerItemProxy */ = {
			isa = PBXContainerItemProxy;
			containerPortal = 975E3EA425FE604F00D5440C /* Project object */;
			proxyType = 1;
			remoteGlobalIDString = 975E3EAB25FE604F00D5440C;
			remoteInfo = Parstagram;
		};
/* End PBXContainerItemProxy section */

/* Begin PBXFileReference section */
		140E326B30927E4750CA79BD /* Pods_Parstagram.framework */ = {isa = PBXFileReference; explicitFileType = wrapper.framework; includeInIndex = 0; path = Pods_Parstagram.framework; sourceTree = BUILT_PRODUCTS_DIR; };
		2D5873944EEB4C3A646D8324 /* Pods-Parstagram-ParstagramUITests.debug.xcconfig */ = {isa = PBXFileReference; includeInIndex = 1; lastKnownFileType = text.xcconfig; name = "Pods-Parstagram-ParstagramUITests.debug.xcconfig"; path = "Target Support Files/Pods-Parstagram-ParstagramUITests/Pods-Parstagram-ParstagramUITests.debug.xcconfig"; sourceTree = "<group>"; };
		437ED93E1258287A687AD3A3 /* Pods_Parstagram_ParstagramUITests.framework */ = {isa = PBXFileReference; explicitFileType = wrapper.framework; includeInIndex = 0; path = Pods_Parstagram_ParstagramUITests.framework; sourceTree = BUILT_PRODUCTS_DIR; };
		5746EE1FFB839B1A95AE20A7 /* Pods-ParstagramTests.release.xcconfig */ = {isa = PBXFileReference; includeInIndex = 1; lastKnownFileType = text.xcconfig; name = "Pods-ParstagramTests.release.xcconfig"; path = "Target Support Files/Pods-ParstagramTests/Pods-ParstagramTests.release.xcconfig"; sourceTree = "<group>"; };
		60344DE74C18897FF3CC9D5B /* Pods-Parstagram.debug.xcconfig */ = {isa = PBXFileReference; includeInIndex = 1; lastKnownFileType = text.xcconfig; name = "Pods-Parstagram.debug.xcconfig"; path = "Target Support Files/Pods-Parstagram/Pods-Parstagram.debug.xcconfig"; sourceTree = "<group>"; };
		7F36E914F80F3118DF32CCAB /* Pods-Parstagram-ParstagramUITests.release.xcconfig */ = {isa = PBXFileReference; includeInIndex = 1; lastKnownFileType = text.xcconfig; name = "Pods-Parstagram-ParstagramUITests.release.xcconfig"; path = "Target Support Files/Pods-Parstagram-ParstagramUITests/Pods-Parstagram-ParstagramUITests.release.xcconfig"; sourceTree = "<group>"; };
		975E3EAC25FE604F00D5440C /* Parstagram.app */ = {isa = PBXFileReference; explicitFileType = wrapper.application; includeInIndex = 0; path = Parstagram.app; sourceTree = BUILT_PRODUCTS_DIR; };
		975E3EAF25FE604F00D5440C /* AppDelegate.swift */ = {isa = PBXFileReference; lastKnownFileType = sourcecode.swift; path = AppDelegate.swift; sourceTree = "<group>"; };
		975E3EB125FE604F00D5440C /* SceneDelegate.swift */ = {isa = PBXFileReference; lastKnownFileType = sourcecode.swift; path = SceneDelegate.swift; sourceTree = "<group>"; };
		975E3EB625FE604F00D5440C /* Base */ = {isa = PBXFileReference; lastKnownFileType = file.storyboard; name = Base; path = Base.lproj/Main.storyboard; sourceTree = "<group>"; };
		975E3EB825FE605300D5440C /* Assets.xcassets */ = {isa = PBXFileReference; lastKnownFileType = folder.assetcatalog; path = Assets.xcassets; sourceTree = "<group>"; };
		975E3EBB25FE605300D5440C /* Base */ = {isa = PBXFileReference; lastKnownFileType = file.storyboard; name = Base; path = Base.lproj/LaunchScreen.storyboard; sourceTree = "<group>"; };
		975E3EBD25FE605300D5440C /* Info.plist */ = {isa = PBXFileReference; lastKnownFileType = text.plist.xml; path = Info.plist; sourceTree = "<group>"; };
		975E3EC225FE605300D5440C /* ParstagramTests.xctest */ = {isa = PBXFileReference; explicitFileType = wrapper.cfbundle; includeInIndex = 0; path = ParstagramTests.xctest; sourceTree = BUILT_PRODUCTS_DIR; };
		975E3EC625FE605300D5440C /* ParstagramTests.swift */ = {isa = PBXFileReference; lastKnownFileType = sourcecode.swift; path = ParstagramTests.swift; sourceTree = "<group>"; };
		975E3EC825FE605300D5440C /* Info.plist */ = {isa = PBXFileReference; lastKnownFileType = text.plist.xml; path = Info.plist; sourceTree = "<group>"; };
		975E3ECD25FE605300D5440C /* ParstagramUITests.xctest */ = {isa = PBXFileReference; explicitFileType = wrapper.cfbundle; includeInIndex = 0; path = ParstagramUITests.xctest; sourceTree = BUILT_PRODUCTS_DIR; };
		975E3ED125FE605300D5440C /* ParstagramUITests.swift */ = {isa = PBXFileReference; lastKnownFileType = sourcecode.swift; path = ParstagramUITests.swift; sourceTree = "<group>"; };
		975E3ED325FE605300D5440C /* Info.plist */ = {isa = PBXFileReference; lastKnownFileType = text.plist.xml; path = Info.plist; sourceTree = "<group>"; };
		975E3EFA25FE63E600D5440C /* LoginViewController.swift */ = {isa = PBXFileReference; lastKnownFileType = sourcecode.swift; path = LoginViewController.swift; sourceTree = "<group>"; };
		975E3EFF25FE63FA00D5440C /* FeedViewController.swift */ = {isa = PBXFileReference; lastKnownFileType = sourcecode.swift; path = FeedViewController.swift; sourceTree = "<group>"; };
		975E3F0425FE6AD900D5440C /* CameraViewController.swift */ = {isa = PBXFileReference; lastKnownFileType = sourcecode.swift; path = CameraViewController.swift; sourceTree = "<group>"; };
		975E3F1425FE757500D5440C /* PostCell.swift */ = {isa = PBXFileReference; lastKnownFileType = sourcecode.swift; path = PostCell.swift; sourceTree = "<group>"; };
		B0744FF6B1363ADE1A1C9D0C /* Pods-ParstagramTests.debug.xcconfig */ = {isa = PBXFileReference; includeInIndex = 1; lastKnownFileType = text.xcconfig; name = "Pods-ParstagramTests.debug.xcconfig"; path = "Target Support Files/Pods-ParstagramTests/Pods-ParstagramTests.debug.xcconfig"; sourceTree = "<group>"; };
		F77D3346C979EB5C247732D8 /* Pods_ParstagramTests.framework */ = {isa = PBXFileReference; explicitFileType = wrapper.framework; includeInIndex = 0; path = Pods_ParstagramTests.framework; sourceTree = BUILT_PRODUCTS_DIR; };
		FF2A5DFE840D878F86F0F1B2 /* Pods-Parstagram.release.xcconfig */ = {isa = PBXFileReference; includeInIndex = 1; lastKnownFileType = text.xcconfig; name = "Pods-Parstagram.release.xcconfig"; path = "Target Support Files/Pods-Parstagram/Pods-Parstagram.release.xcconfig"; sourceTree = "<group>"; };
/* End PBXFileReference section */

/* Begin PBXFrameworksBuildPhase section */
		975E3EA925FE604F00D5440C /* Frameworks */ = {
			isa = PBXFrameworksBuildPhase;
			buildActionMask = 2147483647;
			files = (
				6B3F65AB2546C27A05EEA418 /* Pods_Parstagram.framework in Frameworks */,
			);
			runOnlyForDeploymentPostprocessing = 0;
		};
		975E3EBF25FE605300D5440C /* Frameworks */ = {
			isa = PBXFrameworksBuildPhase;
			buildActionMask = 2147483647;
			files = (
				38F332DC81983D6E75BEFD00 /* Pods_ParstagramTests.framework in Frameworks */,
			);
			runOnlyForDeploymentPostprocessing = 0;
		};
		975E3ECA25FE605300D5440C /* Frameworks */ = {
			isa = PBXFrameworksBuildPhase;
			buildActionMask = 2147483647;
			files = (
				53011045CD5F785C8D235DA4 /* Pods_Parstagram_ParstagramUITests.framework in Frameworks */,
			);
			runOnlyForDeploymentPostprocessing = 0;
		};
/* End PBXFrameworksBuildPhase section */

/* Begin PBXGroup section */
		668F4E350B2ED4D7267E6AD5 /* Pods */ = {
			isa = PBXGroup;
			children = (
				60344DE74C18897FF3CC9D5B /* Pods-Parstagram.debug.xcconfig */,
				FF2A5DFE840D878F86F0F1B2 /* Pods-Parstagram.release.xcconfig */,
				2D5873944EEB4C3A646D8324 /* Pods-Parstagram-ParstagramUITests.debug.xcconfig */,
				7F36E914F80F3118DF32CCAB /* Pods-Parstagram-ParstagramUITests.release.xcconfig */,
				B0744FF6B1363ADE1A1C9D0C /* Pods-ParstagramTests.debug.xcconfig */,
				5746EE1FFB839B1A95AE20A7 /* Pods-ParstagramTests.release.xcconfig */,
			);
			path = Pods;
			sourceTree = "<group>";
		};
		7761ABCA78E8D3F9BDAE4C3E /* Frameworks */ = {
			isa = PBXGroup;
			children = (
				140E326B30927E4750CA79BD /* Pods_Parstagram.framework */,
				437ED93E1258287A687AD3A3 /* Pods_Parstagram_ParstagramUITests.framework */,
				F77D3346C979EB5C247732D8 /* Pods_ParstagramTests.framework */,
			);
			name = Frameworks;
			sourceTree = "<group>";
		};
		975E3EA325FE604F00D5440C = {
			isa = PBXGroup;
			children = (
				975E3EAE25FE604F00D5440C /* Parstagram */,
				975E3EC525FE605300D5440C /* ParstagramTests */,
				975E3ED025FE605300D5440C /* ParstagramUITests */,
				975E3EAD25FE604F00D5440C /* Products */,
				668F4E350B2ED4D7267E6AD5 /* Pods */,
				7761ABCA78E8D3F9BDAE4C3E /* Frameworks */,
			);
			sourceTree = "<group>";
		};
		975E3EAD25FE604F00D5440C /* Products */ = {
			isa = PBXGroup;
			children = (
				975E3EAC25FE604F00D5440C /* Parstagram.app */,
				975E3EC225FE605300D5440C /* ParstagramTests.xctest */,
				975E3ECD25FE605300D5440C /* ParstagramUITests.xctest */,
			);
			name = Products;
			sourceTree = "<group>";
		};
		975E3EAE25FE604F00D5440C /* Parstagram */ = {
			isa = PBXGroup;
			children = (
				975E3EAF25FE604F00D5440C /* AppDelegate.swift */,
				975E3EB125FE604F00D5440C /* SceneDelegate.swift */,
				975E3EB525FE604F00D5440C /* Main.storyboard */,
				975E3EB825FE605300D5440C /* Assets.xcassets */,
				975E3EBA25FE605300D5440C /* LaunchScreen.storyboard */,
				975E3EBD25FE605300D5440C /* Info.plist */,
				975E3EFA25FE63E600D5440C /* LoginViewController.swift */,
				975E3EFF25FE63FA00D5440C /* FeedViewController.swift */,
				975E3F0425FE6AD900D5440C /* CameraViewController.swift */,
				975E3F1425FE757500D5440C /* PostCell.swift */,
			);
			path = Parstagram;
			sourceTree = "<group>";
		};
		975E3EC525FE605300D5440C /* ParstagramTests */ = {
			isa = PBXGroup;
			children = (
				975E3EC625FE605300D5440C /* ParstagramTests.swift */,
				975E3EC825FE605300D5440C /* Info.plist */,
			);
			path = ParstagramTests;
			sourceTree = "<group>";
		};
		975E3ED025FE605300D5440C /* ParstagramUITests */ = {
			isa = PBXGroup;
			children = (
				975E3ED125FE605300D5440C /* ParstagramUITests.swift */,
				975E3ED325FE605300D5440C /* Info.plist */,
			);
			path = ParstagramUITests;
			sourceTree = "<group>";
		};
/* End PBXGroup section */

/* Begin PBXNativeTarget section */
		975E3EAB25FE604F00D5440C /* Parstagram */ = {
			isa = PBXNativeTarget;
			buildConfigurationList = 975E3ED625FE605300D5440C /* Build configuration list for PBXNativeTarget "Parstagram" */;
			buildPhases = (
				479B0A991C9F0F31C880ECF7 /* [CP] Check Pods Manifest.lock */,
				975E3EA825FE604F00D5440C /* Sources */,
				975E3EA925FE604F00D5440C /* Frameworks */,
				975E3EAA25FE604F00D5440C /* Resources */,
				A135E861DBB3F97A97AB3597 /* [CP] Embed Pods Frameworks */,
			);
			buildRules = (
			);
			dependencies = (
			);
			name = Parstagram;
			productName = Parstagram;
			productReference = 975E3EAC25FE604F00D5440C /* Parstagram.app */;
			productType = "com.apple.product-type.application";
		};
		975E3EC125FE605300D5440C /* ParstagramTests */ = {
			isa = PBXNativeTarget;
			buildConfigurationList = 975E3ED925FE605300D5440C /* Build configuration list for PBXNativeTarget "ParstagramTests" */;
			buildPhases = (
				D446AC1E30BD1268C80CE367 /* [CP] Check Pods Manifest.lock */,
				975E3EBE25FE605300D5440C /* Sources */,
				975E3EBF25FE605300D5440C /* Frameworks */,
				975E3EC025FE605300D5440C /* Resources */,
			);
			buildRules = (
			);
			dependencies = (
				975E3EC425FE605300D5440C /* PBXTargetDependency */,
			);
			name = ParstagramTests;
			productName = ParstagramTests;
			productReference = 975E3EC225FE605300D5440C /* ParstagramTests.xctest */;
			productType = "com.apple.product-type.bundle.unit-test";
		};
		975E3ECC25FE605300D5440C /* ParstagramUITests */ = {
			isa = PBXNativeTarget;
			buildConfigurationList = 975E3EDC25FE605300D5440C /* Build configuration list for PBXNativeTarget "ParstagramUITests" */;
			buildPhases = (
				A6062E8633286E28603A33FA /* [CP] Check Pods Manifest.lock */,
				975E3EC925FE605300D5440C /* Sources */,
				975E3ECA25FE605300D5440C /* Frameworks */,
				975E3ECB25FE605300D5440C /* Resources */,
				D325640FBF683B429AEC9CC0 /* [CP] Embed Pods Frameworks */,
			);
			buildRules = (
			);
			dependencies = (
				975E3ECF25FE605300D5440C /* PBXTargetDependency */,
			);
			name = ParstagramUITests;
			productName = ParstagramUITests;
			productReference = 975E3ECD25FE605300D5440C /* ParstagramUITests.xctest */;
			productType = "com.apple.product-type.bundle.ui-testing";
		};
/* End PBXNativeTarget section */

/* Begin PBXProject section */
		975E3EA425FE604F00D5440C /* Project object */ = {
			isa = PBXProject;
			attributes = {
				LastSwiftUpdateCheck = 1220;
				LastUpgradeCheck = 1220;
				TargetAttributes = {
					975E3EAB25FE604F00D5440C = {
						CreatedOnToolsVersion = 12.2;
					};
					975E3EC125FE605300D5440C = {
						CreatedOnToolsVersion = 12.2;
						TestTargetID = 975E3EAB25FE604F00D5440C;
					};
					975E3ECC25FE605300D5440C = {
						CreatedOnToolsVersion = 12.2;
						TestTargetID = 975E3EAB25FE604F00D5440C;
					};
				};
			};
			buildConfigurationList = 975E3EA725FE604F00D5440C /* Build configuration list for PBXProject "Parstagram" */;
			compatibilityVersion = "Xcode 9.3";
			developmentRegion = en;
			hasScannedForEncodings = 0;
			knownRegions = (
				en,
				Base,
			);
			mainGroup = 975E3EA325FE604F00D5440C;
			productRefGroup = 975E3EAD25FE604F00D5440C /* Products */;
			projectDirPath = "";
			projectRoot = "";
			targets = (
				975E3EAB25FE604F00D5440C /* Parstagram */,
				975E3EC125FE605300D5440C /* ParstagramTests */,
				975E3ECC25FE605300D5440C /* ParstagramUITests */,
			);
		};
/* End PBXProject section */

/* Begin PBXResourcesBuildPhase section */
		975E3EAA25FE604F00D5440C /* Resources */ = {
			isa = PBXResourcesBuildPhase;
			buildActionMask = 2147483647;
			files = (
				975E3EBC25FE605300D5440C /* LaunchScreen.storyboard in Resources */,
				975E3EB925FE605300D5440C /* Assets.xcassets in Resources */,
				975E3EB725FE604F00D5440C /* Main.storyboard in Resources */,
			);
			runOnlyForDeploymentPostprocessing = 0;
		};
		975E3EC025FE605300D5440C /* Resources */ = {
			isa = PBXResourcesBuildPhase;
			buildActionMask = 2147483647;
			files = (
			);
			runOnlyForDeploymentPostprocessing = 0;
		};
		975E3ECB25FE605300D5440C /* Resources */ = {
			isa = PBXResourcesBuildPhase;
			buildActionMask = 2147483647;
			files = (
			);
			runOnlyForDeploymentPostprocessing = 0;
		};
/* End PBXResourcesBuildPhase section */

/* Begin PBXShellScriptBuildPhase section */
		479B0A991C9F0F31C880ECF7 /* [CP] Check Pods Manifest.lock */ = {
			isa = PBXShellScriptBuildPhase;
			buildActionMask = 2147483647;
			files = (
			);
			inputFileListPaths = (
			);
			inputPaths = (
				"${PODS_PODFILE_DIR_PATH}/Podfile.lock",
				"${PODS_ROOT}/Manifest.lock",
			);
			name = "[CP] Check Pods Manifest.lock";
			outputFileListPaths = (
			);
			outputPaths = (
				"$(DERIVED_FILE_DIR)/Pods-Parstagram-checkManifestLockResult.txt",
			);
			runOnlyForDeploymentPostprocessing = 0;
			shellPath = /bin/sh;
			shellScript = "diff \"${PODS_PODFILE_DIR_PATH}/Podfile.lock\" \"${PODS_ROOT}/Manifest.lock\" > /dev/null\nif [ $? != 0 ] ; then\n    # print error to STDERR\n    echo \"error: The sandbox is not in sync with the Podfile.lock. Run 'pod install' or update your CocoaPods installation.\" >&2\n    exit 1\nfi\n# This output is used by Xcode 'outputs' to avoid re-running this script phase.\necho \"SUCCESS\" > \"${SCRIPT_OUTPUT_FILE_0}\"\n";
			showEnvVarsInLog = 0;
		};
		A135E861DBB3F97A97AB3597 /* [CP] Embed Pods Frameworks */ = {
			isa = PBXShellScriptBuildPhase;
			buildActionMask = 2147483647;
			files = (
			);
			inputFileListPaths = (
				"${PODS_ROOT}/Target Support Files/Pods-Parstagram/Pods-Parstagram-frameworks-${CONFIGURATION}-input-files.xcfilelist",
			);
			name = "[CP] Embed Pods Frameworks";
			outputFileListPaths = (
				"${PODS_ROOT}/Target Support Files/Pods-Parstagram/Pods-Parstagram-frameworks-${CONFIGURATION}-output-files.xcfilelist",
			);
			runOnlyForDeploymentPostprocessing = 0;
			shellPath = /bin/sh;
			shellScript = "\"${PODS_ROOT}/Target Support Files/Pods-Parstagram/Pods-Parstagram-frameworks.sh\"\n";
			showEnvVarsInLog = 0;
		};
		A6062E8633286E28603A33FA /* [CP] Check Pods Manifest.lock */ = {
			isa = PBXShellScriptBuildPhase;
			buildActionMask = 2147483647;
			files = (
			);
			inputFileListPaths = (
			);
			inputPaths = (
				"${PODS_PODFILE_DIR_PATH}/Podfile.lock",
				"${PODS_ROOT}/Manifest.lock",
			);
			name = "[CP] Check Pods Manifest.lock";
			outputFileListPaths = (
			);
			outputPaths = (
				"$(DERIVED_FILE_DIR)/Pods-Parstagram-ParstagramUITests-checkManifestLockResult.txt",
			);
			runOnlyForDeploymentPostprocessing = 0;
			shellPath = /bin/sh;
			shellScript = "diff \"${PODS_PODFILE_DIR_PATH}/Podfile.lock\" \"${PODS_ROOT}/Manifest.lock\" > /dev/null\nif [ $? != 0 ] ; then\n    # print error to STDERR\n    echo \"error: The sandbox is not in sync with the Podfile.lock. Run 'pod install' or update your CocoaPods installation.\" >&2\n    exit 1\nfi\n# This output is used by Xcode 'outputs' to avoid re-running this script phase.\necho \"SUCCESS\" > \"${SCRIPT_OUTPUT_FILE_0}\"\n";
			showEnvVarsInLog = 0;
		};
		D325640FBF683B429AEC9CC0 /* [CP] Embed Pods Frameworks */ = {
			isa = PBXShellScriptBuildPhase;
			buildActionMask = 2147483647;
			files = (
			);
			inputFileListPaths = (
				"${PODS_ROOT}/Target Support Files/Pods-Parstagram-ParstagramUITests/Pods-Parstagram-ParstagramUITests-frameworks-${CONFIGURATION}-input-files.xcfilelist",
			);
			name = "[CP] Embed Pods Frameworks";
			outputFileListPaths = (
				"${PODS_ROOT}/Target Support Files/Pods-Parstagram-ParstagramUITests/Pods-Parstagram-ParstagramUITests-frameworks-${CONFIGURATION}-output-files.xcfilelist",
			);
			runOnlyForDeploymentPostprocessing = 0;
			shellPath = /bin/sh;
			shellScript = "\"${PODS_ROOT}/Target Support Files/Pods-Parstagram-ParstagramUITests/Pods-Parstagram-ParstagramUITests-frameworks.sh\"\n";
			showEnvVarsInLog = 0;
		};
		D446AC1E30BD1268C80CE367 /* [CP] Check Pods Manifest.lock */ = {
			isa = PBXShellScriptBuildPhase;
			buildActionMask = 2147483647;
			files = (
			);
			inputFileListPaths = (
			);
			inputPaths = (
				"${PODS_PODFILE_DIR_PATH}/Podfile.lock",
				"${PODS_ROOT}/Manifest.lock",
			);
			name = "[CP] Check Pods Manifest.lock";
			outputFileListPaths = (
			);
			outputPaths = (
				"$(DERIVED_FILE_DIR)/Pods-ParstagramTests-checkManifestLockResult.txt",
			);
			runOnlyForDeploymentPostprocessing = 0;
			shellPath = /bin/sh;
			shellScript = "diff \"${PODS_PODFILE_DIR_PATH}/Podfile.lock\" \"${PODS_ROOT}/Manifest.lock\" > /dev/null\nif [ $? != 0 ] ; then\n    # print error to STDERR\n    echo \"error: The sandbox is not in sync with the Podfile.lock. Run 'pod install' or update your CocoaPods installation.\" >&2\n    exit 1\nfi\n# This output is used by Xcode 'outputs' to avoid re-running this script phase.\necho \"SUCCESS\" > \"${SCRIPT_OUTPUT_FILE_0}\"\n";
			showEnvVarsInLog = 0;
		};
/* End PBXShellScriptBuildPhase section */

/* Begin PBXSourcesBuildPhase section */
		975E3EA825FE604F00D5440C /* Sources */ = {
			isa = PBXSourcesBuildPhase;
			buildActionMask = 2147483647;
			files = (
				975E3EFB25FE63E600D5440C /* LoginViewController.swift in Sources */,
				975E3F0525FE6AD900D5440C /* CameraViewController.swift in Sources */,
				975E3EB025FE604F00D5440C /* AppDelegate.swift in Sources */,
				975E3F0025FE63FA00D5440C /* FeedViewController.swift in Sources */,
				975E3EB225FE604F00D5440C /* SceneDelegate.swift in Sources */,
				975E3F1525FE757500D5440C /* PostCell.swift in Sources */,
			);
			runOnlyForDeploymentPostprocessing = 0;
		};
		975E3EBE25FE605300D5440C /* Sources */ = {
			isa = PBXSourcesBuildPhase;
			buildActionMask = 2147483647;
			files = (
				975E3EC725FE605300D5440C /* ParstagramTests.swift in Sources */,
			);
			runOnlyForDeploymentPostprocessing = 0;
		};
		975E3EC925FE605300D5440C /* Sources */ = {
			isa = PBXSourcesBuildPhase;
			buildActionMask = 2147483647;
			files = (
				975E3ED225FE605300D5440C /* ParstagramUITests.swift in Sources */,
			);
			runOnlyForDeploymentPostprocessing = 0;
		};
/* End PBXSourcesBuildPhase section */

/* Begin PBXTargetDependency section */
		975E3EC425FE605300D5440C /* PBXTargetDependency */ = {
			isa = PBXTargetDependency;
			target = 975E3EAB25FE604F00D5440C /* Parstagram */;
			targetProxy = 975E3EC325FE605300D5440C /* PBXContainerItemProxy */;
		};
		975E3ECF25FE605300D5440C /* PBXTargetDependency */ = {
			isa = PBXTargetDependency;
			target = 975E3EAB25FE604F00D5440C /* Parstagram */;
			targetProxy = 975E3ECE25FE605300D5440C /* PBXContainerItemProxy */;
		};
/* End PBXTargetDependency section */

/* Begin PBXVariantGroup section */
		975E3EB525FE604F00D5440C /* Main.storyboard */ = {
			isa = PBXVariantGroup;
			children = (
				975E3EB625FE604F00D5440C /* Base */,
			);
			name = Main.storyboard;
			sourceTree = "<group>";
		};
		975E3EBA25FE605300D5440C /* LaunchScreen.storyboard */ = {
			isa = PBXVariantGroup;
			children = (
				975E3EBB25FE605300D5440C /* Base */,
			);
			name = LaunchScreen.storyboard;
			sourceTree = "<group>";
		};
/* End PBXVariantGroup section */

/* Begin XCBuildConfiguration section */
		975E3ED425FE605300D5440C /* Debug */ = {
			isa = XCBuildConfiguration;
			buildSettings = {
				ALWAYS_SEARCH_USER_PATHS = NO;
				CLANG_ANALYZER_NONNULL = YES;
				CLANG_ANALYZER_NUMBER_OBJECT_CONVERSION = YES_AGGRESSIVE;
				CLANG_CXX_LANGUAGE_STANDARD = "gnu++14";
				CLANG_CXX_LIBRARY = "libc++";
				CLANG_ENABLE_MODULES = YES;
				CLANG_ENABLE_OBJC_ARC = YES;
				CLANG_ENABLE_OBJC_WEAK = YES;
				CLANG_WARN_BLOCK_CAPTURE_AUTORELEASING = YES;
				CLANG_WARN_BOOL_CONVERSION = YES;
				CLANG_WARN_COMMA = YES;
				CLANG_WARN_CONSTANT_CONVERSION = YES;
				CLANG_WARN_DEPRECATED_OBJC_IMPLEMENTATIONS = YES;
				CLANG_WARN_DIRECT_OBJC_ISA_USAGE = YES_ERROR;
				CLANG_WARN_DOCUMENTATION_COMMENTS = YES;
				CLANG_WARN_EMPTY_BODY = YES;
				CLANG_WARN_ENUM_CONVERSION = YES;
				CLANG_WARN_INFINITE_RECURSION = YES;
				CLANG_WARN_INT_CONVERSION = YES;
				CLANG_WARN_NON_LITERAL_NULL_CONVERSION = YES;
				CLANG_WARN_OBJC_IMPLICIT_RETAIN_SELF = YES;
				CLANG_WARN_OBJC_LITERAL_CONVERSION = YES;
				CLANG_WARN_OBJC_ROOT_CLASS = YES_ERROR;
				CLANG_WARN_QUOTED_INCLUDE_IN_FRAMEWORK_HEADER = YES;
				CLANG_WARN_RANGE_LOOP_ANALYSIS = YES;
				CLANG_WARN_STRICT_PROTOTYPES = YES;
				CLANG_WARN_SUSPICIOUS_MOVE = YES;
				CLANG_WARN_UNGUARDED_AVAILABILITY = YES_AGGRESSIVE;
				CLANG_WARN_UNREACHABLE_CODE = YES;
				CLANG_WARN__DUPLICATE_METHOD_MATCH = YES;
				COPY_PHASE_STRIP = NO;
				DEBUG_INFORMATION_FORMAT = dwarf;
				ENABLE_STRICT_OBJC_MSGSEND = YES;
				ENABLE_TESTABILITY = YES;
				GCC_C_LANGUAGE_STANDARD = gnu11;
				GCC_DYNAMIC_NO_PIC = NO;
				GCC_NO_COMMON_BLOCKS = YES;
				GCC_OPTIMIZATION_LEVEL = 0;
				GCC_PREPROCESSOR_DEFINITIONS = (
					"DEBUG=1",
					"$(inherited)",
				);
				GCC_WARN_64_TO_32_BIT_CONVERSION = YES;
				GCC_WARN_ABOUT_RETURN_TYPE = YES_ERROR;
				GCC_WARN_UNDECLARED_SELECTOR = YES;
				GCC_WARN_UNINITIALIZED_AUTOS = YES_AGGRESSIVE;
				GCC_WARN_UNUSED_FUNCTION = YES;
				GCC_WARN_UNUSED_VARIABLE = YES;
				IPHONEOS_DEPLOYMENT_TARGET = 14.2;
				MTL_ENABLE_DEBUG_INFO = INCLUDE_SOURCE;
				MTL_FAST_MATH = YES;
				ONLY_ACTIVE_ARCH = YES;
				SDKROOT = iphoneos;
				SWIFT_ACTIVE_COMPILATION_CONDITIONS = DEBUG;
				SWIFT_OPTIMIZATION_LEVEL = "-Onone";
			};
			name = Debug;
		};
		975E3ED525FE605300D5440C /* Release */ = {
			isa = XCBuildConfiguration;
			buildSettings = {
				ALWAYS_SEARCH_USER_PATHS = NO;
				CLANG_ANALYZER_NONNULL = YES;
				CLANG_ANALYZER_NUMBER_OBJECT_CONVERSION = YES_AGGRESSIVE;
				CLANG_CXX_LANGUAGE_STANDARD = "gnu++14";
				CLANG_CXX_LIBRARY = "libc++";
				CLANG_ENABLE_MODULES = YES;
				CLANG_ENABLE_OBJC_ARC = YES;
				CLANG_ENABLE_OBJC_WEAK = YES;
				CLANG_WARN_BLOCK_CAPTURE_AUTORELEASING = YES;
				CLANG_WARN_BOOL_CONVERSION = YES;
				CLANG_WARN_COMMA = YES;
				CLANG_WARN_CONSTANT_CONVERSION = YES;
				CLANG_WARN_DEPRECATED_OBJC_IMPLEMENTATIONS = YES;
				CLANG_WARN_DIRECT_OBJC_ISA_USAGE = YES_ERROR;
				CLANG_WARN_DOCUMENTATION_COMMENTS = YES;
				CLANG_WARN_EMPTY_BODY = YES;
				CLANG_WARN_ENUM_CONVERSION = YES;
				CLANG_WARN_INFINITE_RECURSION = YES;
				CLANG_WARN_INT_CONVERSION = YES;
				CLANG_WARN_NON_LITERAL_NULL_CONVERSION = YES;
				CLANG_WARN_OBJC_IMPLICIT_RETAIN_SELF = YES;
				CLANG_WARN_OBJC_LITERAL_CONVERSION = YES;
				CLANG_WARN_OBJC_ROOT_CLASS = YES_ERROR;
				CLANG_WARN_QUOTED_INCLUDE_IN_FRAMEWORK_HEADER = YES;
				CLANG_WARN_RANGE_LOOP_ANALYSIS = YES;
				CLANG_WARN_STRICT_PROTOTYPES = YES;
				CLANG_WARN_SUSPICIOUS_MOVE = YES;
				CLANG_WARN_UNGUARDED_AVAILABILITY = YES_AGGRESSIVE;
				CLANG_WARN_UNREACHABLE_CODE = YES;
				CLANG_WARN__DUPLICATE_METHOD_MATCH = YES;
				COPY_PHASE_STRIP = NO;
				DEBUG_INFORMATION_FORMAT = "dwarf-with-dsym";
				ENABLE_NS_ASSERTIONS = NO;
				ENABLE_STRICT_OBJC_MSGSEND = YES;
				GCC_C_LANGUAGE_STANDARD = gnu11;
				GCC_NO_COMMON_BLOCKS = YES;
				GCC_WARN_64_TO_32_BIT_CONVERSION = YES;
				GCC_WARN_ABOUT_RETURN_TYPE = YES_ERROR;
				GCC_WARN_UNDECLARED_SELECTOR = YES;
				GCC_WARN_UNINITIALIZED_AUTOS = YES_AGGRESSIVE;
				GCC_WARN_UNUSED_FUNCTION = YES;
				GCC_WARN_UNUSED_VARIABLE = YES;
				IPHONEOS_DEPLOYMENT_TARGET = 14.2;
				MTL_ENABLE_DEBUG_INFO = NO;
				MTL_FAST_MATH = YES;
				SDKROOT = iphoneos;
				SWIFT_COMPILATION_MODE = wholemodule;
				SWIFT_OPTIMIZATION_LEVEL = "-O";
				VALIDATE_PRODUCT = YES;
			};
			name = Release;
		};
		975E3ED725FE605300D5440C /* Debug */ = {
			isa = XCBuildConfiguration;
			baseConfigurationReference = 60344DE74C18897FF3CC9D5B /* Pods-Parstagram.debug.xcconfig */;
			buildSettings = {
				ASSETCATALOG_COMPILER_APPICON_NAME = AppIcon;
				ASSETCATALOG_COMPILER_GLOBAL_ACCENT_COLOR_NAME = AccentColor;
				CODE_SIGN_STYLE = Automatic;
				DEVELOPMENT_TEAM = 262XHZVX75;
				INFOPLIST_FILE = Parstagram/Info.plist;
				LD_RUNPATH_SEARCH_PATHS = (
					"$(inherited)",
					"@executable_path/Frameworks",
				);
				PRODUCT_BUNDLE_IDENTIFIER = feizza615.Parstagram;
				PRODUCT_NAME = "$(TARGET_NAME)";
				SWIFT_VERSION = 5.0;
				TARGETED_DEVICE_FAMILY = "1,2";
			};
			name = Debug;
		};
		975E3ED825FE605300D5440C /* Release */ = {
			isa = XCBuildConfiguration;
			baseConfigurationReference = FF2A5DFE840D878F86F0F1B2 /* Pods-Parstagram.release.xcconfig */;
			buildSettings = {
				ASSETCATALOG_COMPILER_APPICON_NAME = AppIcon;
				ASSETCATALOG_COMPILER_GLOBAL_ACCENT_COLOR_NAME = AccentColor;
				CODE_SIGN_STYLE = Automatic;
				DEVELOPMENT_TEAM = 262XHZVX75;
				INFOPLIST_FILE = Parstagram/Info.plist;
				LD_RUNPATH_SEARCH_PATHS = (
					"$(inherited)",
					"@executable_path/Frameworks",
				);
				PRODUCT_BUNDLE_IDENTIFIER = feizza615.Parstagram;
				PRODUCT_NAME = "$(TARGET_NAME)";
				SWIFT_VERSION = 5.0;
				TARGETED_DEVICE_FAMILY = "1,2";
			};
			name = Release;
		};
		975E3EDA25FE605300D5440C /* Debug */ = {
			isa = XCBuildConfiguration;
			baseConfigurationReference = B0744FF6B1363ADE1A1C9D0C /* Pods-ParstagramTests.debug.xcconfig */;
			buildSettings = {
				ALWAYS_EMBED_SWIFT_STANDARD_LIBRARIES = YES;
				BUNDLE_LOADER = "$(TEST_HOST)";
				CODE_SIGN_STYLE = Automatic;
				DEVELOPMENT_TEAM = 262XHZVX75;
				INFOPLIST_FILE = ParstagramTests/Info.plist;
				IPHONEOS_DEPLOYMENT_TARGET = 14.2;
				LD_RUNPATH_SEARCH_PATHS = (
					"$(inherited)",
					"@executable_path/Frameworks",
					"@loader_path/Frameworks",
				);
				PRODUCT_BUNDLE_IDENTIFIER = feizza615.ParstagramTests;
				PRODUCT_NAME = "$(TARGET_NAME)";
				SWIFT_VERSION = 5.0;
				TARGETED_DEVICE_FAMILY = "1,2";
				TEST_HOST = "$(BUILT_PRODUCTS_DIR)/Parstagram.app/Parstagram";
			};
			name = Debug;
		};
		975E3EDB25FE605300D5440C /* Release */ = {
			isa = XCBuildConfiguration;
			baseConfigurationReference = 5746EE1FFB839B1A95AE20A7 /* Pods-ParstagramTests.release.xcconfig */;
			buildSettings = {
				ALWAYS_EMBED_SWIFT_STANDARD_LIBRARIES = YES;
				BUNDLE_LOADER = "$(TEST_HOST)";
				CODE_SIGN_STYLE = Automatic;
				DEVELOPMENT_TEAM = 262XHZVX75;
				INFOPLIST_FILE = ParstagramTests/Info.plist;
				IPHONEOS_DEPLOYMENT_TARGET = 14.2;
				LD_RUNPATH_SEARCH_PATHS = (
					"$(inherited)",
					"@executable_path/Frameworks",
					"@loader_path/Frameworks",
				);
				PRODUCT_BUNDLE_IDENTIFIER = feizza615.ParstagramTests;
				PRODUCT_NAME = "$(TARGET_NAME)";
				SWIFT_VERSION = 5.0;
				TARGETED_DEVICE_FAMILY = "1,2";
				TEST_HOST = "$(BUILT_PRODUCTS_DIR)/Parstagram.app/Parstagram";
			};
			name = Release;
		};
		975E3EDD25FE605300D5440C /* Debug */ = {
			isa = XCBuildConfiguration;
			baseConfigurationReference = 2D5873944EEB4C3A646D8324 /* Pods-Parstagram-ParstagramUITests.debug.xcconfig */;
			buildSettings = {
				ALWAYS_EMBED_SWIFT_STANDARD_LIBRARIES = YES;
				CODE_SIGN_STYLE = Automatic;
				DEVELOPMENT_TEAM = 262XHZVX75;
				INFOPLIST_FILE = ParstagramUITests/Info.plist;
				LD_RUNPATH_SEARCH_PATHS = (
					"$(inherited)",
					"@executable_path/Frameworks",
					"@loader_path/Frameworks",
				);
				PRODUCT_BUNDLE_IDENTIFIER = feizza615.ParstagramUITests;
				PRODUCT_NAME = "$(TARGET_NAME)";
				SWIFT_VERSION = 5.0;
				TARGETED_DEVICE_FAMILY = "1,2";
				TEST_TARGET_NAME = Parstagram;
			};
			name = Debug;
		};
		975E3EDE25FE605300D5440C /* Release */ = {
			isa = XCBuildConfiguration;
			baseConfigurationReference = 7F36E914F80F3118DF32CCAB /* Pods-Parstagram-ParstagramUITests.release.xcconfig */;
			buildSettings = {
				ALWAYS_EMBED_SWIFT_STANDARD_LIBRARIES = YES;
				CODE_SIGN_STYLE = Automatic;
				DEVELOPMENT_TEAM = 262XHZVX75;
				INFOPLIST_FILE = ParstagramUITests/Info.plist;
				LD_RUNPATH_SEARCH_PATHS = (
					"$(inherited)",
					"@executable_path/Frameworks",
					"@loader_path/Frameworks",
				);
				PRODUCT_BUNDLE_IDENTIFIER = feizza615.ParstagramUITests;
				PRODUCT_NAME = "$(TARGET_NAME)";
				SWIFT_VERSION = 5.0;
				TARGETED_DEVICE_FAMILY = "1,2";
				TEST_TARGET_NAME = Parstagram;
			};
			name = Release;
		};
/* End XCBuildConfiguration section */

/* Begin XCConfigurationList section */
		975E3EA725FE604F00D5440C /* Build configuration list for PBXProject "Parstagram" */ = {
			isa = XCConfigurationList;
			buildConfigurations = (
				975E3ED425FE605300D5440C /* Debug */,
				975E3ED525FE605300D5440C /* Release */,
			);
			defaultConfigurationIsVisible = 0;
			defaultConfigurationName = Release;
		};
		975E3ED625FE605300D5440C /* Build configuration list for PBXNativeTarget "Parstagram" */ = {
			isa = XCConfigurationList;
			buildConfigurations = (
				975E3ED725FE605300D5440C /* Debug */,
				975E3ED825FE605300D5440C /* Release */,
			);
			defaultConfigurationIsVisible = 0;
			defaultConfigurationName = Release;
		};
		975E3ED925FE605300D5440C /* Build configuration list for PBXNativeTarget "ParstagramTests" */ = {
			isa = XCConfigurationList;
			buildConfigurations = (
				975E3EDA25FE605300D5440C /* Debug */,
				975E3EDB25FE605300D5440C /* Release */,
			);
			defaultConfigurationIsVisible = 0;
			defaultConfigurationName = Release;
		};
		975E3EDC25FE605300D5440C /* Build configuration list for PBXNativeTarget "ParstagramUITests" */ = {
			isa = XCConfigurationList;
			buildConfigurations = (
				975E3EDD25FE605300D5440C /* Debug */,
				975E3EDE25FE605300D5440C /* Release */,
			);
			defaultConfigurationIsVisible = 0;
			defaultConfigurationName = Release;
		};
/* End XCConfigurationList section */
	};
	rootObject = 975E3EA425FE604F00D5440C /* Project object */;
}
